
Microsoft Visual Studio Solution File, Format Version 12.00
# Visual Studio Version 16
VisualStudioVersion = 16.0.29519.181
MinimumVisualStudioVersion = 10.0.40219.1
Project("{FAE04EC0-301F-11D3-BF4B-00C04F79EFBC}") = "socketService", "socketService.csproj", "{5CA58E0D-5C2D-4DEF-81A4-09ECB0195117}"
EndProject
Project("{FAE04EC0-301F-11D3-BF4B-00C04F79EFBC}") = "socketClient", "..\..\socketClient\socketClient.csproj", "{F42C606B-8E85-46B0-A9C5-026F6CBE696C}"
EndProject
Global
	GlobalSection(SolutionConfigurationPlatforms) = preSolution
		Debug|Any CPU = Debug|Any CPU
		Release|Any CPU = Release|Any CPU
	EndGlobalSection
	GlobalSection(ProjectConfigurationPlatforms) = postSolution
		{5CA58E0D-5C2D-4DEF-81A4-09ECB0195117}.Debug|Any CPU.ActiveCfg = Debug|Any CPU
		{5CA58E0D-5C2D-4DEF-81A4-09ECB0195117}.Debug|Any CPU.Build.0 = Debug|Any CPU
		{5CA58E0D-5C2D-4DEF-81A4-09ECB0195117}.Release|Any CPU.ActiveCfg = Release|Any CPU
		{5CA58E0D-5C2D-4DEF-81A4-09ECB0195117}.Release|Any CPU.Build.0 = Release|Any CPU
		{F42C606B-8E85-46B0-A9C5-026F6CBE696C}.Debug|Any CPU.ActiveCfg = Debug|Any CPU
		{F42C606B-8E85-46B0-A9C5-026F6CBE696C}.Debug|Any CPU.Build.0 = Debug|Any CPU
		{F42C606B-8E85-46B0-A9C5-026F6CBE696C}.Release|Any CPU.ActiveCfg = Release|Any CPU
		{F42C606B-8E85-46B0-A9C5-026F6CBE696C}.Release|Any CPU.Build.0 = Release|Any CPU
	EndGlobalSection
	GlobalSection(SolutionProperties) = preSolution
		HideSolutionNode = FALSE
	EndGlobalSection
	GlobalSection(ExtensibilityGlobals) = postSolution
		SolutionGuid = {7756807F-8E22-463C-9EEE-4DFE952CCC77}
	EndGlobalSection
EndGlobal
